
Microsoft Visual Studio Solution File, Format Version 12.00
# Visual Studio 15
VisualStudioVersion = 15.0.28307.168
MinimumVisualStudioVersion = 10.0.40219.1
Project("{FAE04EC0-301F-11D3-BF4B-00C04F79EFBC}") = "SortingApp", "SortingApp\SortingApp.csproj", "{DADF9329-7FD8-4F38-B67D-B8210537C4FB}"
EndProject
Global
	GlobalSection(SolutionConfigurationPlatforms) = preSolution
		Debug|Any CPU = Debug|Any CPU
		Release|Any CPU = Release|Any CPU
	EndGlobalSection
	GlobalSection(ProjectConfigurationPlatforms) = postSolution
		{DADF9329-7FD8-4F38-B67D-B8210537C4FB}.Debug|Any CPU.ActiveCfg = Debug|Any CPU
		{DADF9329-7FD8-4F38-B67D-B8210537C4FB}.Debug|Any CPU.Build.0 = Debug|Any CPU
		{DADF9329-7FD8-4F38-B67D-B8210537C4FB}.Release|Any CPU.ActiveCfg = Release|Any CPU
		{DADF9329-7FD8-4F38-B67D-B8210537C4FB}.Release|Any CPU.Build.0 = Release|Any CPU
	EndGlobalSection
	GlobalSection(SolutionProperties) = preSolution
		HideSolutionNode = FALSE
	EndGlobalSection
	GlobalSection(ExtensibilityGlobals) = postSolution
		SolutionGuid = {D4CBE7E8-64F4-4D08-ABE3-C386CA1DB516}
	EndGlobalSection
EndGlobal
